{
  "name": "Saras-GPT",
  "lockfileVersion": 3,
  "requires": true,
  "packages": {
    "": {
      "devDependencies": {
        "@types/node": "^20.1.1"
      }
    },
    "node_modules/@types/node": {
      "version": "20.1.1",
      "resolved": "https://registry.npmjs.org/@types/node/-/node-20.1.1.tgz",
      "integrity": "sha512-uKBEevTNb+l6/aCQaKVnUModfEMjAl98lw2Si9P5y4hLu9tm6AlX2ZIoXZX6Wh9lJueYPrGPKk5WMCNHg/u6/A==",
      "dev": true
    }
  }
}
